// !$*UTF8*$!
{
	archiveVersion = 1;
	classes = {
	};
	objectVersion = 56;
	objects = {

/* Begin PBXBuildFile section */
		640F0A082B8F4CBB00DC10D1 /* HomeViewModel.swift in Sources */ = {isa = PBXBuildFile; fileRef = 640F0A072B8F4CBB00DC10D1 /* HomeViewModel.swift */; };
		6469BB1A2B91F41400380EC3 /* noticesView.swift in Sources */ = {isa = PBXBuildFile; fileRef = 6469BB192B91F41300380EC3 /* noticesView.swift */; };
		6469BB1C2B91F42300380EC3 /* noticesViewModel.swift in Sources */ = {isa = PBXBuildFile; fileRef = 6469BB1B2B91F42300380EC3 /* noticesViewModel.swift */; };
		649EC2122B8DF952007AF46F /* HomeMenuButton.swift in Sources */ = {isa = PBXBuildFile; fileRef = 649EC2112B8DF952007AF46F /* HomeMenuButton.swift */; };
		64E01FC72B73534900CF4CDE /* BUMobileApp.swift in Sources */ = {isa = PBXBuildFile; fileRef = 64E01FC62B73534900CF4CDE /* BUMobileApp.swift */; };
		64E01FCB2B73534B00CF4CDE /* Assets.xcassets in Resources */ = {isa = PBXBuildFile; fileRef = 64E01FCA2B73534B00CF4CDE /* Assets.xcassets */; };
		64E01FCE2B73534B00CF4CDE /* Preview Assets.xcassets in Resources */ = {isa = PBXBuildFile; fileRef = 64E01FCD2B73534B00CF4CDE /* Preview Assets.xcassets */; };
		64E01FD52B7353E200CF4CDE /* BUHome.swift in Sources */ = {isa = PBXBuildFile; fileRef = 64E01FD42B7353E200CF4CDE /* BUHome.swift */; };
		64E01FDB2B73571700CF4CDE /* HomeView.swift in Sources */ = {isa = PBXBuildFile; fileRef = 64E01FDA2B73571700CF4CDE /* HomeView.swift */; };
		64E01FDF2B7358B800CF4CDE /* NewsBanner.swift in Sources */ = {isa = PBXBuildFile; fileRef = 64E01FDE2B7358B800CF4CDE /* NewsBanner.swift */; };
/* End PBXBuildFile section */

/* Begin PBXFileReference section */
		640F0A072B8F4CBB00DC10D1 /* HomeViewModel.swift */ = {isa = PBXFileReference; lastKnownFileType = sourcecode.swift; path = HomeViewModel.swift; sourceTree = "<group>"; };
		6469BB192B91F41300380EC3 /* noticesView.swift */ = {isa = PBXFileReference; lastKnownFileType = sourcecode.swift; path = noticesView.swift; sourceTree = "<group>"; };
		6469BB1B2B91F42300380EC3 /* noticesViewModel.swift */ = {isa = PBXFileReference; lastKnownFileType = sourcecode.swift; path = noticesViewModel.swift; sourceTree = "<group>"; };
		649EC2112B8DF952007AF46F /* HomeMenuButton.swift */ = {isa = PBXFileReference; lastKnownFileType = sourcecode.swift; path = HomeMenuButton.swift; sourceTree = "<group>"; };
		64E01FC32B73534900CF4CDE /* BUMobile.app */ = {isa = PBXFileReference; explicitFileType = wrapper.application; includeInIndex = 0; path = BUMobile.app; sourceTree = BUILT_PRODUCTS_DIR; };
		64E01FC62B73534900CF4CDE /* BUMobileApp.swift */ = {isa = PBXFileReference; lastKnownFileType = sourcecode.swift; path = BUMobileApp.swift; sourceTree = "<group>"; };
		64E01FCA2B73534B00CF4CDE /* Assets.xcassets */ = {isa = PBXFileReference; lastKnownFileType = folder.assetcatalog; path = Assets.xcassets; sourceTree = "<group>"; };
		64E01FCD2B73534B00CF4CDE /* Preview Assets.xcassets */ = {isa = PBXFileReference; lastKnownFileType = folder.assetcatalog; path = "Preview Assets.xcassets"; sourceTree = "<group>"; };
		64E01FD42B7353E200CF4CDE /* BUHome.swift */ = {isa = PBXFileReference; lastKnownFileType = sourcecode.swift; path = BUHome.swift; sourceTree = "<group>"; };
		64E01FDA2B73571700CF4CDE /* HomeView.swift */ = {isa = PBXFileReference; lastKnownFileType = sourcecode.swift; path = HomeView.swift; sourceTree = "<group>"; };
		64E01FDE2B7358B800CF4CDE /* NewsBanner.swift */ = {isa = PBXFileReference; lastKnownFileType = sourcecode.swift; path = NewsBanner.swift; sourceTree = "<group>"; };
/* End PBXFileReference section */

/* Begin PBXFrameworksBuildPhase section */
		64E01FC02B73534900CF4CDE /* Frameworks */ = {
			isa = PBXFrameworksBuildPhase;
			buildActionMask = 2147483647;
			files = (
			);
			runOnlyForDeploymentPostprocessing = 0;
		};
/* End PBXFrameworksBuildPhase section */

/* Begin PBXGroup section */
		6469BB182B91F40400380EC3 /* notices */ = {
			isa = PBXGroup;
			children = (
				6469BB192B91F41300380EC3 /* noticesView.swift */,
				6469BB1B2B91F42300380EC3 /* noticesViewModel.swift */,
			);
			path = notices;
			sourceTree = "<group>";
		};
		649EC20F2B8DF3C8007AF46F /* Components */ = {
			isa = PBXGroup;
			children = (
				649EC2102B8DF3CE007AF46F /* Cell */,
			);
			path = Components;
			sourceTree = "<group>";
		};
		649EC2102B8DF3CE007AF46F /* Cell */ = {
			isa = PBXGroup;
			children = (
				649EC2112B8DF952007AF46F /* HomeMenuButton.swift */,
			);
			path = Cell;
			sourceTree = "<group>";
		};
		64E01FBA2B73534800CF4CDE = {
			isa = PBXGroup;
			children = (
				64E01FC52B73534900CF4CDE /* BUMobile */,
				64E01FC42B73534900CF4CDE /* Products */,
			);
			sourceTree = "<group>";
		};
		64E01FC42B73534900CF4CDE /* Products */ = {
			isa = PBXGroup;
			children = (
				64E01FC32B73534900CF4CDE /* BUMobile.app */,
			);
			name = Products;
			sourceTree = "<group>";
		};
		64E01FC52B73534900CF4CDE /* BUMobile */ = {
			isa = PBXGroup;
			children = (
				64E01FC62B73534900CF4CDE /* BUMobileApp.swift */,
				649EC20F2B8DF3C8007AF46F /* Components */,
				64E01FDC2B73586400CF4CDE /* Views */,
				64E01FD62B7353E700CF4CDE /* Screen */,
				64E01FCA2B73534B00CF4CDE /* Assets.xcassets */,
				64E01FCC2B73534B00CF4CDE /* Preview Content */,
			);
			path = BUMobile;
			sourceTree = "<group>";
		};
		64E01FCC2B73534B00CF4CDE /* Preview Content */ = {
			isa = PBXGroup;
			children = (
				64E01FCD2B73534B00CF4CDE /* Preview Assets.xcassets */,
			);
			path = "Preview Content";
			sourceTree = "<group>";
		};
		64E01FD62B7353E700CF4CDE /* Screen */ = {
			isa = PBXGroup;
			children = (
				6469BB182B91F40400380EC3 /* notices */,
				64E01FD92B73570100CF4CDE /* Service */,
				64E01FD82B7356F800CF4CDE /* News */,
				64E01FD72B7356E800CF4CDE /* Home */,
				64E01FD42B7353E200CF4CDE /* BUHome.swift */,
			);
			path = Screen;
			sourceTree = "<group>";
		};
		64E01FD72B7356E800CF4CDE /* Home */ = {
			isa = PBXGroup;
			children = (
				64E01FDA2B73571700CF4CDE /* HomeView.swift */,
				640F0A072B8F4CBB00DC10D1 /* HomeViewModel.swift */,
			);
			path = Home;
			sourceTree = "<group>";
		};
		64E01FD82B7356F800CF4CDE /* News */ = {
			isa = PBXGroup;
			children = (
			);
			path = News;
			sourceTree = "<group>";
		};
		64E01FD92B73570100CF4CDE /* Service */ = {
			isa = PBXGroup;
			children = (
			);
			path = Service;
			sourceTree = "<group>";
		};
		64E01FDC2B73586400CF4CDE /* Views */ = {
			isa = PBXGroup;
			children = (
				64E01FDD2B73589C00CF4CDE /* NewsBanner */,
			);
			path = Views;
			sourceTree = "<group>";
		};
		64E01FDD2B73589C00CF4CDE /* NewsBanner */ = {
			isa = PBXGroup;
			children = (
				64E01FDE2B7358B800CF4CDE /* NewsBanner.swift */,
			);
			path = NewsBanner;
			sourceTree = "<group>";
		};
/* End PBXGroup section */

/* Begin PBXNativeTarget section */
		64E01FC22B73534900CF4CDE /* BUMobile */ = {
			isa = PBXNativeTarget;
			buildConfigurationList = 64E01FD12B73534B00CF4CDE /* Build configuration list for PBXNativeTarget "BUMobile" */;
			buildPhases = (
				64E01FBF2B73534900CF4CDE /* Sources */,
				64E01FC02B73534900CF4CDE /* Frameworks */,
				64E01FC12B73534900CF4CDE /* Resources */,
			);
			buildRules = (
			);
			dependencies = (
			);
			name = BUMobile;
			productName = BUMobile;
			productReference = 64E01FC32B73534900CF4CDE /* BUMobile.app */;
			productType = "com.apple.product-type.application";
		};
/* End PBXNativeTarget section */

/* Begin PBXProject section */
		64E01FBB2B73534800CF4CDE /* Project object */ = {
			isa = PBXProject;
			attributes = {
				BuildIndependentTargetsInParallel = 1;
				LastSwiftUpdateCheck = 1520;
				LastUpgradeCheck = 1520;
				TargetAttributes = {
					64E01FC22B73534900CF4CDE = {
						CreatedOnToolsVersion = 15.2;
					};
				};
			};
			buildConfigurationList = 64E01FBE2B73534800CF4CDE /* Build configuration list for PBXProject "BUMobile" */;
			compatibilityVersion = "Xcode 14.0";
			developmentRegion = en;
			hasScannedForEncodings = 0;
			knownRegions = (
				en,
				Base,
			);
			mainGroup = 64E01FBA2B73534800CF4CDE;
			productRefGroup = 64E01FC42B73534900CF4CDE /* Products */;
			projectDirPath = "";
			projectRoot = "";
			targets = (
				64E01FC22B73534900CF4CDE /* BUMobile */,
			);
		};
/* End PBXProject section */

/* Begin PBXResourcesBuildPhase section */
		64E01FC12B73534900CF4CDE /* Resources */ = {
			isa = PBXResourcesBuildPhase;
			buildActionMask = 2147483647;
			files = (
				64E01FCE2B73534B00CF4CDE /* Preview Assets.xcassets in Resources */,
				64E01FCB2B73534B00CF4CDE /* Assets.xcassets in Resources */,
			);
			runOnlyForDeploymentPostprocessing = 0;
		};
/* End PBXResourcesBuildPhase section */

/* Begin PBXSourcesBuildPhase section */
		64E01FBF2B73534900CF4CDE /* Sources */ = {
			isa = PBXSourcesBuildPhase;
			buildActionMask = 2147483647;
			files = (
				64E01FDB2B73571700CF4CDE /* HomeView.swift in Sources */,
				640F0A082B8F4CBB00DC10D1 /* HomeViewModel.swift in Sources */,
				6469BB1C2B91F42300380EC3 /* noticesViewModel.swift in Sources */,
				64E01FC72B73534900CF4CDE /* BUMobileApp.swift in Sources */,
				649EC2122B8DF952007AF46F /* HomeMenuButton.swift in Sources */,
				64E01FDF2B7358B800CF4CDE /* NewsBanner.swift in Sources */,
				64E01FD52B7353E200CF4CDE /* BUHome.swift in Sources */,
				6469BB1A2B91F41400380EC3 /* noticesView.swift in Sources */,
			);
			runOnlyForDeploymentPostprocessing = 0;
		};
/* End PBXSourcesBuildPhase section */

/* Begin XCBuildConfiguration section */
		64E01FCF2B73534B00CF4CDE /* Debug */ = {
			isa = XCBuildConfiguration;
			buildSettings = {
				ALWAYS_SEARCH_USER_PATHS = NO;
				ASSETCATALOG_COMPILER_GENERATE_SWIFT_ASSET_SYMBOL_EXTENSIONS = YES;
				CLANG_ANALYZER_NONNULL = YES;
				CLANG_ANALYZER_NUMBER_OBJECT_CONVERSION = YES_AGGRESSIVE;
				CLANG_CXX_LANGUAGE_STANDARD = "gnu++20";
				CLANG_ENABLE_MODULES = YES;
				CLANG_ENABLE_OBJC_ARC = YES;
				CLANG_ENABLE_OBJC_WEAK = YES;
				CLANG_WARN_BLOCK_CAPTURE_AUTORELEASING = YES;
				CLANG_WARN_BOOL_CONVERSION = YES;
				CLANG_WARN_COMMA = YES;
				CLANG_WARN_CONSTANT_CONVERSION = YES;
				CLANG_WARN_DEPRECATED_OBJC_IMPLEMENTATIONS = YES;
				CLANG_WARN_DIRECT_OBJC_ISA_USAGE = YES_ERROR;
				CLANG_WARN_DOCUMENTATION_COMMENTS = YES;
				CLANG_WARN_EMPTY_BODY = YES;
				CLANG_WARN_ENUM_CONVERSION = YES;
				CLANG_WARN_INFINITE_RECURSION = YES;
				CLANG_WARN_INT_CONVERSION = YES;
				CLANG_WARN_NON_LITERAL_NULL_CONVERSION = YES;
				CLANG_WARN_OBJC_IMPLICIT_RETAIN_SELF = YES;
				CLANG_WARN_OBJC_LITERAL_CONVERSION = YES;
				CLANG_WARN_OBJC_ROOT_CLASS = YES_ERROR;
				CLANG_WARN_QUOTED_INCLUDE_IN_FRAMEWORK_HEADER = YES;
				CLANG_WARN_RANGE_LOOP_ANALYSIS = YES;
				CLANG_WARN_STRICT_PROTOTYPES = YES;
				CLANG_WARN_SUSPICIOUS_MOVE = YES;
				CLANG_WARN_UNGUARDED_AVAILABILITY = YES_AGGRESSIVE;
				CLANG_WARN_UNREACHABLE_CODE = YES;
				CLANG_WARN__DUPLICATE_METHOD_MATCH = YES;
				COPY_PHASE_STRIP = NO;
				DEBUG_INFORMATION_FORMAT = dwarf;
				ENABLE_STRICT_OBJC_MSGSEND = YES;
				ENABLE_TESTABILITY = YES;
				ENABLE_USER_SCRIPT_SANDBOXING = YES;
				GCC_C_LANGUAGE_STANDARD = gnu17;
				GCC_DYNAMIC_NO_PIC = NO;
				GCC_NO_COMMON_BLOCKS = YES;
				GCC_OPTIMIZATION_LEVEL = 0;
				GCC_PREPROCESSOR_DEFINITIONS = (
					"DEBUG=1",
					"$(inherited)",
				);
				GCC_WARN_64_TO_32_BIT_CONVERSION = YES;
				GCC_WARN_ABOUT_RETURN_TYPE = YES_ERROR;
				GCC_WARN_UNDECLARED_SELECTOR = YES;
				GCC_WARN_UNINITIALIZED_AUTOS = YES_AGGRESSIVE;
				GCC_WARN_UNUSED_FUNCTION = YES;
				GCC_WARN_UNUSED_VARIABLE = YES;
				IPHONEOS_DEPLOYMENT_TARGET = 17.2;
				LOCALIZATION_PREFERS_STRING_CATALOGS = YES;
				MTL_ENABLE_DEBUG_INFO = INCLUDE_SOURCE;
				MTL_FAST_MATH = YES;
				ONLY_ACTIVE_ARCH = YES;
				SDKROOT = iphoneos;
				SWIFT_ACTIVE_COMPILATION_CONDITIONS = "DEBUG $(inherited)";
				SWIFT_OPTIMIZATION_LEVEL = "-Onone";
			};
			name = Debug;
		};
		64E01FD02B73534B00CF4CDE /* Release */ = {
			isa = XCBuildConfiguration;
			buildSettings = {
				ALWAYS_SEARCH_USER_PATHS = NO;
				ASSETCATALOG_COMPILER_GENERATE_SWIFT_ASSET_SYMBOL_EXTENSIONS = YES;
				CLANG_ANALYZER_NONNULL = YES;
				CLANG_ANALYZER_NUMBER_OBJECT_CONVERSION = YES_AGGRESSIVE;
				CLANG_CXX_LANGUAGE_STANDARD = "gnu++20";
				CLANG_ENABLE_MODULES = YES;
				CLANG_ENABLE_OBJC_ARC = YES;
				CLANG_ENABLE_OBJC_WEAK = YES;
				CLANG_WARN_BLOCK_CAPTURE_AUTORELEASING = YES;
				CLANG_WARN_BOOL_CONVERSION = YES;
				CLANG_WARN_COMMA = YES;
				CLANG_WARN_CONSTANT_CONVERSION = YES;
				CLANG_WARN_DEPRECATED_OBJC_IMPLEMENTATIONS = YES;
				CLANG_WARN_DIRECT_OBJC_ISA_USAGE = YES_ERROR;
				CLANG_WARN_DOCUMENTATION_COMMENTS = YES;
				CLANG_WARN_EMPTY_BODY = YES;
				CLANG_WARN_ENUM_CONVERSION = YES;
				CLANG_WARN_INFINITE_RECURSION = YES;
				CLANG_WARN_INT_CONVERSION = YES;
				CLANG_WARN_NON_LITERAL_NULL_CONVERSION = YES;
				CLANG_WARN_OBJC_IMPLICIT_RETAIN_SELF = YES;
				CLANG_WARN_OBJC_LITERAL_CONVERSION = YES;
				CLANG_WARN_OBJC_ROOT_CLASS = YES_ERROR;
				CLANG_WARN_QUOTED_INCLUDE_IN_FRAMEWORK_HEADER = YES;
				CLANG_WARN_RANGE_LOOP_ANALYSIS = YES;
				CLANG_WARN_STRICT_PROTOTYPES = YES;
				CLANG_WARN_SUSPICIOUS_MOVE = YES;
				CLANG_WARN_UNGUARDED_AVAILABILITY = YES_AGGRESSIVE;
				CLANG_WARN_UNREACHABLE_CODE = YES;
				CLANG_WARN__DUPLICATE_METHOD_MATCH = YES;
				COPY_PHASE_STRIP = NO;
				DEBUG_INFORMATION_FORMAT = "dwarf-with-dsym";
				ENABLE_NS_ASSERTIONS = NO;
				ENABLE_STRICT_OBJC_MSGSEND = YES;
				ENABLE_USER_SCRIPT_SANDBOXING = YES;
				GCC_C_LANGUAGE_STANDARD = gnu17;
				GCC_NO_COMMON_BLOCKS = YES;
				GCC_WARN_64_TO_32_BIT_CONVERSION = YES;
				GCC_WARN_ABOUT_RETURN_TYPE = YES_ERROR;
				GCC_WARN_UNDECLARED_SELECTOR = YES;
				GCC_WARN_UNINITIALIZED_AUTOS = YES_AGGRESSIVE;
				GCC_WARN_UNUSED_FUNCTION = YES;
				GCC_WARN_UNUSED_VARIABLE = YES;
				IPHONEOS_DEPLOYMENT_TARGET = 17.2;
				LOCALIZATION_PREFERS_STRING_CATALOGS = YES;
				MTL_ENABLE_DEBUG_INFO = NO;
				MTL_FAST_MATH = YES;
				SDKROOT = iphoneos;
				SWIFT_COMPILATION_MODE = wholemodule;
				VALIDATE_PRODUCT = YES;
			};
			name = Release;
		};
		64E01FD22B73534B00CF4CDE /* Debug */ = {
			isa = XCBuildConfiguration;
			buildSettings = {
				ASSETCATALOG_COMPILER_APPICON_NAME = AppIcon;
				ASSETCATALOG_COMPILER_GLOBAL_ACCENT_COLOR_NAME = AccentColor;
				CODE_SIGN_STYLE = Automatic;
				CURRENT_PROJECT_VERSION = 1;
				DEVELOPMENT_ASSET_PATHS = "\"BUMobile/Preview Content\"";
				DEVELOPMENT_TEAM = H4X7G96ZKF;
				ENABLE_PREVIEWS = YES;
				GENERATE_INFOPLIST_FILE = YES;
				INFOPLIST_KEY_UIApplicationSceneManifest_Generation = YES;
				INFOPLIST_KEY_UIApplicationSupportsIndirectInputEvents = YES;
				INFOPLIST_KEY_UILaunchScreen_Generation = YES;
				INFOPLIST_KEY_UISupportedInterfaceOrientations_iPad = "UIInterfaceOrientationPortrait UIInterfaceOrientationPortraitUpsideDown UIInterfaceOrientationLandscapeLeft UIInterfaceOrientationLandscapeRight";
				INFOPLIST_KEY_UISupportedInterfaceOrientations_iPhone = "UIInterfaceOrientationPortrait UIInterfaceOrientationLandscapeLeft UIInterfaceOrientationLandscapeRight";
				LD_RUNPATH_SEARCH_PATHS = (
					"$(inherited)",
					"@executable_path/Frameworks",
				);
				MARKETING_VERSION = 1.0;
				PRODUCT_BUNDLE_IDENTIFIER = com.palatipjant.BUMobile;
				PRODUCT_NAME = "$(TARGET_NAME)";
				SWIFT_EMIT_LOC_STRINGS = YES;
				SWIFT_VERSION = 5.0;
				TARGETED_DEVICE_FAMILY = "1,2";
			};
			name = Debug;
		};
		64E01FD32B73534B00CF4CDE /* Release */ = {
			isa = XCBuildConfiguration;
			buildSettings = {
				ASSETCATALOG_COMPILER_APPICON_NAME = AppIcon;
				ASSETCATALOG_COMPILER_GLOBAL_ACCENT_COLOR_NAME = AccentColor;
				CODE_SIGN_STYLE = Automatic;
				CURRENT_PROJECT_VERSION = 1;
				DEVELOPMENT_ASSET_PATHS = "\"BUMobile/Preview Content\"";
				DEVELOPMENT_TEAM = H4X7G96ZKF;
				ENABLE_PREVIEWS = YES;
				GENERATE_INFOPLIST_FILE = YES;
				INFOPLIST_KEY_UIApplicationSceneManifest_Generation = YES;
				INFOPLIST_KEY_UIApplicationSupportsIndirectInputEvents = YES;
				INFOPLIST_KEY_UILaunchScreen_Generation = YES;
				INFOPLIST_KEY_UISupportedInterfaceOrientations_iPad = "UIInterfaceOrientationPortrait UIInterfaceOrientationPortraitUpsideDown UIInterfaceOrientationLandscapeLeft UIInterfaceOrientationLandscapeRight";
				INFOPLIST_KEY_UISupportedInterfaceOrientations_iPhone = "UIInterfaceOrientationPortrait UIInterfaceOrientationLandscapeLeft UIInterfaceOrientationLandscapeRight";
				LD_RUNPATH_SEARCH_PATHS = (
					"$(inherited)",
					"@executable_path/Frameworks",
				);
				MARKETING_VERSION = 1.0;
				PRODUCT_BUNDLE_IDENTIFIER = com.palatipjant.BUMobile;
				PRODUCT_NAME = "$(TARGET_NAME)";
				SWIFT_EMIT_LOC_STRINGS = YES;
				SWIFT_VERSION = 5.0;
				TARGETED_DEVICE_FAMILY = "1,2";
			};
			name = Release;
		};
/* End XCBuildConfiguration section */

/* Begin XCConfigurationList section */
		64E01FBE2B73534800CF4CDE /* Build configuration list for PBXProject "BUMobile" */ = {
			isa = XCConfigurationList;
			buildConfigurations = (
				64E01FCF2B73534B00CF4CDE /* Debug */,
				64E01FD02B73534B00CF4CDE /* Release */,
			);
			defaultConfigurationIsVisible = 0;
			defaultConfigurationName = Release;
		};
		64E01FD12B73534B00CF4CDE /* Build configuration list for PBXNativeTarget "BUMobile" */ = {
			isa = XCConfigurationList;
			buildConfigurations = (
				64E01FD22B73534B00CF4CDE /* Debug */,
				64E01FD32B73534B00CF4CDE /* Release */,
			);
			defaultConfigurationIsVisible = 0;
			defaultConfigurationName = Release;
		};
/* End XCConfigurationList section */
	};
	rootObject = 64E01FBB2B73534800CF4CDE /* Project object */;
}
